// !$*UTF8*$!
{
	archiveVersion = 1;
	classes = {
	};
	objectVersion = 77;
	objects = {

/* Begin PBXBuildFile section */
		32113EA42D60419000D9B331 /* MarkdownUI in Frameworks */ = {isa = PBXBuildFile; productRef = 32113EA32D60419000D9B331 /* MarkdownUI */; };
		322627912D33A00000F4AAA8 /* SwiftSoup in Frameworks */ = {isa = PBXBuildFile; productRef = 322627902D33A00000F4AAA8 /* SwiftSoup */; };
		322627D42D35566700F4AAA8 /* Kingfisher in Frameworks */ = {isa = PBXBuildFile; productRef = 322627D32D35566700F4AAA8 /* Kingfisher */; };
		322627D92D35608300F4AAA8 /* Alamofire in Frameworks */ = {isa = PBXBuildFile; productRef = 322627D82D35608300F4AAA8 /* Alamofire */; };
		32370F552D56665200EFE597 /* RichText in Frameworks */ = {isa = PBXBuildFile; productRef = 32370F542D56665200EFE597 /* RichText */; };
		328B0EA32D448EEB0023EBE2 /* JDStatusBarNotification in Frameworks */ = {isa = PBXBuildFile; productRef = 328B0EA22D448EEB0023EBE2 /* JDStatusBarNotification */; };
		329B21292D81BDA1009ABF72 /* StoreKit.framework in Frameworks */ = {isa = PBXBuildFile; fileRef = 329B21282D81BDA1009ABF72 /* StoreKit.framework */; };
/* End PBXBuildFile section */

/* Begin PBXContainerItemProxy section */
		322627732D3393AF00F4AAA8 /* PBXContainerItemProxy */ = {
			isa = PBXContainerItemProxy;
			containerPortal = 3226275A2D3393AC00F4AAA8 /* Project object */;
			proxyType = 1;
			remoteGlobalIDString = 322627612D3393AC00F4AAA8;
			remoteInfo = Guozaoke;
		};
		3226277D2D3393AF00F4AAA8 /* PBXContainerItemProxy */ = {
			isa = PBXContainerItemProxy;
			containerPortal = 3226275A2D3393AC00F4AAA8 /* Project object */;
			proxyType = 1;
			remoteGlobalIDString = 322627612D3393AC00F4AAA8;
			remoteInfo = Guozaoke;
		};
/* End PBXContainerItemProxy section */

/* Begin PBXFileReference section */
		322627622D3393AC00F4AAA8 /* Guozaoke.app */ = {isa = PBXFileReference; explicitFileType = wrapper.application; includeInIndex = 0; path = Guozaoke.app; sourceTree = BUILT_PRODUCTS_DIR; };
		322627722D3393AF00F4AAA8 /* GuozaokeTests.xctest */ = {isa = PBXFileReference; explicitFileType = wrapper.cfbundle; includeInIndex = 0; path = GuozaokeTests.xctest; sourceTree = BUILT_PRODUCTS_DIR; };
		3226277C2D3393AF00F4AAA8 /* GuozaokeUITests.xctest */ = {isa = PBXFileReference; explicitFileType = wrapper.cfbundle; includeInIndex = 0; path = GuozaokeUITests.xctest; sourceTree = BUILT_PRODUCTS_DIR; };
		329B21282D81BDA1009ABF72 /* StoreKit.framework */ = {isa = PBXFileReference; lastKnownFileType = wrapper.framework; name = StoreKit.framework; path = System/Library/Frameworks/StoreKit.framework; sourceTree = SDKROOT; };
/* End PBXFileReference section */

/* Begin PBXFileSystemSynchronizedBuildFileExceptionSet section */
		327B92482D3E6E7500358C42 /* Exceptions for "Guozaoke" folder in "Guozaoke" target */ = {
			isa = PBXFileSystemSynchronizedBuildFileExceptionSet;
			membershipExceptions = (
				Info.plist,
			);
			target = 322627612D3393AC00F4AAA8 /* Guozaoke */;
		};
/* End PBXFileSystemSynchronizedBuildFileExceptionSet section */

/* Begin PBXFileSystemSynchronizedRootGroup section */
		322627642D3393AC00F4AAA8 /* Guozaoke */ = {
			isa = PBXFileSystemSynchronizedRootGroup;
			exceptions = (
				327B92482D3E6E7500358C42 /* Exceptions for "Guozaoke" folder in "Guozaoke" target */,
			);
			path = Guozaoke;
			sourceTree = "<group>";
		};
		322627752D3393AF00F4AAA8 /* GuozaokeTests */ = {
			isa = PBXFileSystemSynchronizedRootGroup;
			path = GuozaokeTests;
			sourceTree = "<group>";
		};
		3226277F2D3393AF00F4AAA8 /* GuozaokeUITests */ = {
			isa = PBXFileSystemSynchronizedRootGroup;
			path = GuozaokeUITests;
			sourceTree = "<group>";
		};
/* End PBXFileSystemSynchronizedRootGroup section */

/* Begin PBXFrameworksBuildPhase section */
		3226275F2D3393AC00F4AAA8 /* Frameworks */ = {
			isa = PBXFrameworksBuildPhase;
			buildActionMask = 2147483647;
			files = (
				322627D42D35566700F4AAA8 /* Kingfisher in Frameworks */,
				329B21292D81BDA1009ABF72 /* StoreKit.framework in Frameworks */,
				322627D92D35608300F4AAA8 /* Alamofire in Frameworks */,
				32370F552D56665200EFE597 /* RichText in Frameworks */,
				32113EA42D60419000D9B331 /* MarkdownUI in Frameworks */,
				328B0EA32D448EEB0023EBE2 /* JDStatusBarNotification in Frameworks */,
				322627912D33A00000F4AAA8 /* SwiftSoup in Frameworks */,
			);
			runOnlyForDeploymentPostprocessing = 0;
		};
		3226276F2D3393AF00F4AAA8 /* Frameworks */ = {
			isa = PBXFrameworksBuildPhase;
			buildActionMask = 2147483647;
			files = (
			);
			runOnlyForDeploymentPostprocessing = 0;
		};
		322627792D3393AF00F4AAA8 /* Frameworks */ = {
			isa = PBXFrameworksBuildPhase;
			buildActionMask = 2147483647;
			files = (
			);
			runOnlyForDeploymentPostprocessing = 0;
		};
/* End PBXFrameworksBuildPhase section */

/* Begin PBXGroup section */
		322627592D3393AC00F4AAA8 = {
			isa = PBXGroup;
			children = (
				322627642D3393AC00F4AAA8 /* Guozaoke */,
				322627752D3393AF00F4AAA8 /* GuozaokeTests */,
				3226277F2D3393AF00F4AAA8 /* GuozaokeUITests */,
				329B21272D81BDA1009ABF72 /* Frameworks */,
				322627632D3393AC00F4AAA8 /* Products */,
			);
			sourceTree = "<group>";
		};
		322627632D3393AC00F4AAA8 /* Products */ = {
			isa = PBXGroup;
			children = (
				322627622D3393AC00F4AAA8 /* Guozaoke.app */,
				322627722D3393AF00F4AAA8 /* GuozaokeTests.xctest */,
				3226277C2D3393AF00F4AAA8 /* GuozaokeUITests.xctest */,
			);
			name = Products;
			sourceTree = "<group>";
		};
		329B21272D81BDA1009ABF72 /* Frameworks */ = {
			isa = PBXGroup;
			children = (
				329B21282D81BDA1009ABF72 /* StoreKit.framework */,
			);
			name = Frameworks;
			sourceTree = "<group>";
		};
/* End PBXGroup section */

/* Begin PBXNativeTarget section */
		322627612D3393AC00F4AAA8 /* Guozaoke */ = {
			isa = PBXNativeTarget;
			buildConfigurationList = 322627862D3393AF00F4AAA8 /* Build configuration list for PBXNativeTarget "Guozaoke" */;
			buildPhases = (
				3226275E2D3393AC00F4AAA8 /* Sources */,
				3226275F2D3393AC00F4AAA8 /* Frameworks */,
				322627602D3393AC00F4AAA8 /* Resources */,
			);
			buildRules = (
			);
			dependencies = (
			);
			fileSystemSynchronizedGroups = (
				322627642D3393AC00F4AAA8 /* Guozaoke */,
			);
			name = Guozaoke;
			packageProductDependencies = (
				322627902D33A00000F4AAA8 /* SwiftSoup */,
				322627D32D35566700F4AAA8 /* Kingfisher */,
				322627D82D35608300F4AAA8 /* Alamofire */,
				328B0EA22D448EEB0023EBE2 /* JDStatusBarNotification */,
				32370F542D56665200EFE597 /* RichText */,
				32113EA32D60419000D9B331 /* MarkdownUI */,
			);
			productName = Guozaoke;
			productReference = 322627622D3393AC00F4AAA8 /* Guozaoke.app */;
			productType = "com.apple.product-type.application";
		};
		322627712D3393AF00F4AAA8 /* GuozaokeTests */ = {
			isa = PBXNativeTarget;
			buildConfigurationList = 322627892D3393AF00F4AAA8 /* Build configuration list for PBXNativeTarget "GuozaokeTests" */;
			buildPhases = (
				3226276E2D3393AF00F4AAA8 /* Sources */,
				3226276F2D3393AF00F4AAA8 /* Frameworks */,
				322627702D3393AF00F4AAA8 /* Resources */,
			);
			buildRules = (
			);
			dependencies = (
				322627742D3393AF00F4AAA8 /* PBXTargetDependency */,
			);
			fileSystemSynchronizedGroups = (
				322627752D3393AF00F4AAA8 /* GuozaokeTests */,
			);
			name = GuozaokeTests;
			packageProductDependencies = (
			);
			productName = GuozaokeTests;
			productReference = 322627722D3393AF00F4AAA8 /* GuozaokeTests.xctest */;
			productType = "com.apple.product-type.bundle.unit-test";
		};
		3226277B2D3393AF00F4AAA8 /* GuozaokeUITests */ = {
			isa = PBXNativeTarget;
			buildConfigurationList = 3226278C2D3393AF00F4AAA8 /* Build configuration list for PBXNativeTarget "GuozaokeUITests" */;
			buildPhases = (
				322627782D3393AF00F4AAA8 /* Sources */,
				322627792D3393AF00F4AAA8 /* Frameworks */,
				3226277A2D3393AF00F4AAA8 /* Resources */,
			);
			buildRules = (
			);
			dependencies = (
				3226277E2D3393AF00F4AAA8 /* PBXTargetDependency */,
			);
			fileSystemSynchronizedGroups = (
				3226277F2D3393AF00F4AAA8 /* GuozaokeUITests */,
			);
			name = GuozaokeUITests;
			packageProductDependencies = (
			);
			productName = GuozaokeUITests;
			productReference = 3226277C2D3393AF00F4AAA8 /* GuozaokeUITests.xctest */;
			productType = "com.apple.product-type.bundle.ui-testing";
		};
/* End PBXNativeTarget section */

/* Begin PBXProject section */
		3226275A2D3393AC00F4AAA8 /* Project object */ = {
			isa = PBXProject;
			attributes = {
				BuildIndependentTargetsInParallel = 1;
				LastSwiftUpdateCheck = 1620;
				LastUpgradeCheck = 1620;
				TargetAttributes = {
					322627612D3393AC00F4AAA8 = {
						CreatedOnToolsVersion = 16.2;
					};
					322627712D3393AF00F4AAA8 = {
						CreatedOnToolsVersion = 16.2;
						TestTargetID = 322627612D3393AC00F4AAA8;
					};
					3226277B2D3393AF00F4AAA8 = {
						CreatedOnToolsVersion = 16.2;
						TestTargetID = 322627612D3393AC00F4AAA8;
					};
				};
			};
			buildConfigurationList = 3226275D2D3393AC00F4AAA8 /* Build configuration list for PBXProject "Guozaoke" */;
			developmentRegion = "zh-Hans";
			hasScannedForEncodings = 0;
			knownRegions = (
				"zh-Hans",
			);
			mainGroup = 322627592D3393AC00F4AAA8;
			minimizedProjectReferenceProxies = 1;
			packageReferences = (
				3226278F2D33A00000F4AAA8 /* XCRemoteSwiftPackageReference "SwiftSoup" */,
				322627D22D35566700F4AAA8 /* XCRemoteSwiftPackageReference "Kingfisher" */,
				322627D72D35608300F4AAA8 /* XCRemoteSwiftPackageReference "Alamofire" */,
				328B0EA12D448EEB0023EBE2 /* XCRemoteSwiftPackageReference "JDStatusBarNotification" */,
				32370F532D56665200EFE597 /* XCRemoteSwiftPackageReference "RichText" */,
				32113EA22D60419000D9B331 /* XCRemoteSwiftPackageReference "swift-markdown-ui" */,
			);
			preferredProjectObjectVersion = 77;
			productRefGroup = 322627632D3393AC00F4AAA8 /* Products */;
			projectDirPath = "";
			projectRoot = "";
			targets = (
				322627612D3393AC00F4AAA8 /* Guozaoke */,
				322627712D3393AF00F4AAA8 /* GuozaokeTests */,
				3226277B2D3393AF00F4AAA8 /* GuozaokeUITests */,
			);
		};
/* End PBXProject section */

/* Begin PBXResourcesBuildPhase section */
		322627602D3393AC00F4AAA8 /* Resources */ = {
			isa = PBXResourcesBuildPhase;
			buildActionMask = 2147483647;
			files = (
			);
			runOnlyForDeploymentPostprocessing = 0;
		};
		322627702D3393AF00F4AAA8 /* Resources */ = {
			isa = PBXResourcesBuildPhase;
			buildActionMask = 2147483647;
			files = (
			);
			runOnlyForDeploymentPostprocessing = 0;
		};
		3226277A2D3393AF00F4AAA8 /* Resources */ = {
			isa = PBXResourcesBuildPhase;
			buildActionMask = 2147483647;
			files = (
			);
			runOnlyForDeploymentPostprocessing = 0;
		};
/* End PBXResourcesBuildPhase section */

/* Begin PBXSourcesBuildPhase section */
		3226275E2D3393AC00F4AAA8 /* Sources */ = {
			isa = PBXSourcesBuildPhase;
			buildActionMask = 2147483647;
			files = (
			);
			runOnlyForDeploymentPostprocessing = 0;
		};
		3226276E2D3393AF00F4AAA8 /* Sources */ = {
			isa = PBXSourcesBuildPhase;
			buildActionMask = 2147483647;
			files = (
			);
			runOnlyForDeploymentPostprocessing = 0;
		};
		322627782D3393AF00F4AAA8 /* Sources */ = {
			isa = PBXSourcesBuildPhase;
			buildActionMask = 2147483647;
			files = (
			);
			runOnlyForDeploymentPostprocessing = 0;
		};
/* End PBXSourcesBuildPhase section */

/* Begin PBXTargetDependency section */
		322627742D3393AF00F4AAA8 /* PBXTargetDependency */ = {
			isa = PBXTargetDependency;
			target = 322627612D3393AC00F4AAA8 /* Guozaoke */;
			targetProxy = 322627732D3393AF00F4AAA8 /* PBXContainerItemProxy */;
		};
		3226277E2D3393AF00F4AAA8 /* PBXTargetDependency */ = {
			isa = PBXTargetDependency;
			target = 322627612D3393AC00F4AAA8 /* Guozaoke */;
			targetProxy = 3226277D2D3393AF00F4AAA8 /* PBXContainerItemProxy */;
		};
/* End PBXTargetDependency section */

/* Begin XCBuildConfiguration section */
		322627842D3393AF00F4AAA8 /* Debug */ = {
			isa = XCBuildConfiguration;
			buildSettings = {
				ALWAYS_SEARCH_USER_PATHS = NO;
				ASSETCATALOG_COMPILER_GENERATE_SWIFT_ASSET_SYMBOL_EXTENSIONS = YES;
				CLANG_ANALYZER_NONNULL = YES;
				CLANG_ANALYZER_NUMBER_OBJECT_CONVERSION = YES_AGGRESSIVE;
				CLANG_CXX_LANGUAGE_STANDARD = "gnu++20";
				CLANG_ENABLE_MODULES = YES;
				CLANG_ENABLE_OBJC_ARC = YES;
				CLANG_ENABLE_OBJC_WEAK = YES;
				CLANG_WARN_BLOCK_CAPTURE_AUTORELEASING = YES;
				CLANG_WARN_BOOL_CONVERSION = YES;
				CLANG_WARN_COMMA = YES;
				CLANG_WARN_CONSTANT_CONVERSION = YES;
				CLANG_WARN_DEPRECATED_OBJC_IMPLEMENTATIONS = YES;
				CLANG_WARN_DIRECT_OBJC_ISA_USAGE = YES_ERROR;
				CLANG_WARN_DOCUMENTATION_COMMENTS = YES;
				CLANG_WARN_EMPTY_BODY = YES;
				CLANG_WARN_ENUM_CONVERSION = YES;
				CLANG_WARN_INFINITE_RECURSION = YES;
				CLANG_WARN_INT_CONVERSION = YES;
				CLANG_WARN_NON_LITERAL_NULL_CONVERSION = YES;
				CLANG_WARN_OBJC_IMPLICIT_RETAIN_SELF = YES;
				CLANG_WARN_OBJC_LITERAL_CONVERSION = YES;
				CLANG_WARN_OBJC_ROOT_CLASS = YES_ERROR;
				CLANG_WARN_QUOTED_INCLUDE_IN_FRAMEWORK_HEADER = YES;
				CLANG_WARN_RANGE_LOOP_ANALYSIS = YES;
				CLANG_WARN_STRICT_PROTOTYPES = YES;
				CLANG_WARN_SUSPICIOUS_MOVE = YES;
				CLANG_WARN_UNGUARDED_AVAILABILITY = YES_AGGRESSIVE;
				CLANG_WARN_UNREACHABLE_CODE = YES;
				CLANG_WARN__DUPLICATE_METHOD_MATCH = YES;
				COPY_PHASE_STRIP = NO;
				DEBUG_INFORMATION_FORMAT = dwarf;
				ENABLE_STRICT_OBJC_MSGSEND = YES;
				ENABLE_TESTABILITY = YES;
				ENABLE_USER_SCRIPT_SANDBOXING = YES;
				GCC_C_LANGUAGE_STANDARD = gnu17;
				GCC_DYNAMIC_NO_PIC = NO;
				GCC_NO_COMMON_BLOCKS = YES;
				GCC_OPTIMIZATION_LEVEL = 0;
				GCC_PREPROCESSOR_DEFINITIONS = (
					"DEBUG=1",
					"$(inherited)",
				);
				GCC_WARN_64_TO_32_BIT_CONVERSION = YES;
				GCC_WARN_ABOUT_RETURN_TYPE = YES_ERROR;
				GCC_WARN_UNDECLARED_SELECTOR = YES;
				GCC_WARN_UNINITIALIZED_AUTOS = YES_AGGRESSIVE;
				GCC_WARN_UNUSED_FUNCTION = YES;
				GCC_WARN_UNUSED_VARIABLE = YES;
				IPHONEOS_DEPLOYMENT_TARGET = 18.2;
				LOCALIZATION_PREFERS_STRING_CATALOGS = YES;
				MTL_ENABLE_DEBUG_INFO = INCLUDE_SOURCE;
				MTL_FAST_MATH = YES;
				ONLY_ACTIVE_ARCH = YES;
				SDKROOT = iphoneos;
				SWIFT_ACTIVE_COMPILATION_CONDITIONS = "DEBUG $(inherited)";
				SWIFT_OPTIMIZATION_LEVEL = "-Onone";
			};
			name = Debug;
		};
		322627852D3393AF00F4AAA8 /* Release */ = {
			isa = XCBuildConfiguration;
			buildSettings = {
				ALWAYS_SEARCH_USER_PATHS = NO;
				ASSETCATALOG_COMPILER_GENERATE_SWIFT_ASSET_SYMBOL_EXTENSIONS = YES;
				CLANG_ANALYZER_NONNULL = YES;
				CLANG_ANALYZER_NUMBER_OBJECT_CONVERSION = YES_AGGRESSIVE;
				CLANG_CXX_LANGUAGE_STANDARD = "gnu++20";
				CLANG_ENABLE_MODULES = YES;
				CLANG_ENABLE_OBJC_ARC = YES;
				CLANG_ENABLE_OBJC_WEAK = YES;
				CLANG_WARN_BLOCK_CAPTURE_AUTORELEASING = YES;
				CLANG_WARN_BOOL_CONVERSION = YES;
				CLANG_WARN_COMMA = YES;
				CLANG_WARN_CONSTANT_CONVERSION = YES;
				CLANG_WARN_DEPRECATED_OBJC_IMPLEMENTATIONS = YES;
				CLANG_WARN_DIRECT_OBJC_ISA_USAGE = YES_ERROR;
				CLANG_WARN_DOCUMENTATION_COMMENTS = YES;
				CLANG_WARN_EMPTY_BODY = YES;
				CLANG_WARN_ENUM_CONVERSION = YES;
				CLANG_WARN_INFINITE_RECURSION = YES;
				CLANG_WARN_INT_CONVERSION = YES;
				CLANG_WARN_NON_LITERAL_NULL_CONVERSION = YES;
				CLANG_WARN_OBJC_IMPLICIT_RETAIN_SELF = YES;
				CLANG_WARN_OBJC_LITERAL_CONVERSION = YES;
				CLANG_WARN_OBJC_ROOT_CLASS = YES_ERROR;
				CLANG_WARN_QUOTED_INCLUDE_IN_FRAMEWORK_HEADER = YES;
				CLANG_WARN_RANGE_LOOP_ANALYSIS = YES;
				CLANG_WARN_STRICT_PROTOTYPES = YES;
				CLANG_WARN_SUSPICIOUS_MOVE = YES;
				CLANG_WARN_UNGUARDED_AVAILABILITY = YES_AGGRESSIVE;
				CLANG_WARN_UNREACHABLE_CODE = YES;
				CLANG_WARN__DUPLICATE_METHOD_MATCH = YES;
				COPY_PHASE_STRIP = NO;
				DEBUG_INFORMATION_FORMAT = "dwarf-with-dsym";
				ENABLE_NS_ASSERTIONS = NO;
				ENABLE_STRICT_OBJC_MSGSEND = YES;
				ENABLE_USER_SCRIPT_SANDBOXING = YES;
				GCC_C_LANGUAGE_STANDARD = gnu17;
				GCC_NO_COMMON_BLOCKS = YES;
				GCC_WARN_64_TO_32_BIT_CONVERSION = YES;
				GCC_WARN_ABOUT_RETURN_TYPE = YES_ERROR;
				GCC_WARN_UNDECLARED_SELECTOR = YES;
				GCC_WARN_UNINITIALIZED_AUTOS = YES_AGGRESSIVE;
				GCC_WARN_UNUSED_FUNCTION = YES;
				GCC_WARN_UNUSED_VARIABLE = YES;
				IPHONEOS_DEPLOYMENT_TARGET = 18.2;
				LOCALIZATION_PREFERS_STRING_CATALOGS = YES;
				MTL_ENABLE_DEBUG_INFO = NO;
				MTL_FAST_MATH = YES;
				SDKROOT = iphoneos;
				SWIFT_COMPILATION_MODE = wholemodule;
				VALIDATE_PRODUCT = YES;
			};
			name = Release;
		};
		322627872D3393AF00F4AAA8 /* Debug */ = {
			isa = XCBuildConfiguration;
			buildSettings = {
				ASSETCATALOG_COMPILER_APPICON_NAME = AppIcon;
				ASSETCATALOG_COMPILER_GLOBAL_ACCENT_COLOR_NAME = AccentColor;
				ASSETCATALOG_COMPILER_INCLUDE_ALL_APPICON_ASSETS = YES;
				CODE_SIGN_IDENTITY = "Apple Development";
				CODE_SIGN_STYLE = Manual;
				CURRENT_PROJECT_VERSION = 135;
				DEVELOPMENT_ASSET_PATHS = "\"Guozaoke/Preview Content\"";
				DEVELOPMENT_TEAM = "";
				ENABLE_PREVIEWS = YES;
				GENERATE_INFOPLIST_FILE = YES;
				INFOPLIST_FILE = Guozaoke/Info.plist;
				INFOPLIST_KEY_CFBundleDisplayName = "过早客";
				INFOPLIST_KEY_LSApplicationCategoryType = "public.app-category.social-networking";
				INFOPLIST_KEY_NSPhotoLibraryAddUsageDescription = "允许访问您的照片，即可保存图片";
				INFOPLIST_KEY_UIApplicationSceneManifest_Generation = YES;
				INFOPLIST_KEY_UIApplicationSupportsIndirectInputEvents = YES;
				INFOPLIST_KEY_UILaunchScreen_Generation = YES;
				INFOPLIST_KEY_UISupportedInterfaceOrientations = UIInterfaceOrientationPortrait;
				INFOPLIST_KEY_UISupportedInterfaceOrientations_iPad = "UIInterfaceOrientationLandscapeLeft UIInterfaceOrientationLandscapeRight UIInterfaceOrientationPortrait UIInterfaceOrientationPortraitUpsideDown";
				IPHONEOS_DEPLOYMENT_TARGET = 16;
				LD_RUNPATH_SEARCH_PATHS = (
					"$(inherited)",
					"@executable_path/Frameworks",
				);
				MARKETING_VERSION = 1.5.3;
				PRODUCT_BUNDLE_IDENTIFIER = com.guozaoke.app.ios;
				PRODUCT_NAME = "$(TARGET_NAME)";
				PROVISIONING_PROFILE_SPECIFIER = "";
				SUPPORTED_PLATFORMS = "iphoneos iphonesimulator";
				SUPPORTS_MACCATALYST = NO;
				SWIFT_EMIT_LOC_STRINGS = YES;
				SWIFT_VERSION = 5.0;
				TARGETED_DEVICE_FAMILY = "1,2";
			};
			name = Debug;
		};
		322627882D3393AF00F4AAA8 /* Release */ = {
			isa = XCBuildConfiguration;
			buildSettings = {
				ASSETCATALOG_COMPILER_APPICON_NAME = AppIcon;
				ASSETCATALOG_COMPILER_GLOBAL_ACCENT_COLOR_NAME = AccentColor;
				ASSETCATALOG_COMPILER_INCLUDE_ALL_APPICON_ASSETS = YES;
				CODE_SIGN_ENTITLEMENTS = Guozaoke/GuozaokeRelease.entitlements;
				CODE_SIGN_IDENTITY = "Apple Development";
				CODE_SIGN_STYLE = Manual;
				CURRENT_PROJECT_VERSION = 135;
				DEVELOPMENT_ASSET_PATHS = "\"Guozaoke/Preview Content\"";
				DEVELOPMENT_TEAM = "";
				ENABLE_PREVIEWS = YES;
				GENERATE_INFOPLIST_FILE = YES;
				INFOPLIST_FILE = Guozaoke/Info.plist;
				INFOPLIST_KEY_CFBundleDisplayName = "过早客";
				INFOPLIST_KEY_LSApplicationCategoryType = "public.app-category.social-networking";
				INFOPLIST_KEY_NSPhotoLibraryAddUsageDescription = "允许访问您的照片，即可保存图片";
				INFOPLIST_KEY_UIApplicationSceneManifest_Generation = YES;
				INFOPLIST_KEY_UIApplicationSupportsIndirectInputEvents = YES;
				INFOPLIST_KEY_UILaunchScreen_Generation = YES;
				INFOPLIST_KEY_UISupportedInterfaceOrientations = UIInterfaceOrientationPortrait;
				INFOPLIST_KEY_UISupportedInterfaceOrientations_iPad = "UIInterfaceOrientationLandscapeLeft UIInterfaceOrientationLandscapeRight UIInterfaceOrientationPortrait UIInterfaceOrientationPortraitUpsideDown";
				IPHONEOS_DEPLOYMENT_TARGET = 16;
				LD_RUNPATH_SEARCH_PATHS = (
					"$(inherited)",
					"@executable_path/Frameworks",
				);
				MARKETING_VERSION = 1.5.3;
				PRODUCT_BUNDLE_IDENTIFIER = com.guozaoke.app.ios;
				PRODUCT_NAME = "$(TARGET_NAME)";
				PROVISIONING_PROFILE_SPECIFIER = "";
				SUPPORTED_PLATFORMS = "iphoneos iphonesimulator";
				SUPPORTS_MACCATALYST = NO;
				SWIFT_EMIT_LOC_STRINGS = YES;
				SWIFT_VERSION = 5.0;
				TARGETED_DEVICE_FAMILY = "1,2";
			};
			name = Release;
		};
		3226278A2D3393AF00F4AAA8 /* Debug */ = {
			isa = XCBuildConfiguration;
			buildSettings = {
				BUNDLE_LOADER = "$(TEST_HOST)";
				CODE_SIGN_STYLE = Automatic;
				CURRENT_PROJECT_VERSION = 1;
				GENERATE_INFOPLIST_FILE = YES;
				IPHONEOS_DEPLOYMENT_TARGET = 18.2;
				MARKETING_VERSION = 1.0;
				PRODUCT_BUNDLE_IDENTIFIER = com.guozaoke.app.GuozaokeTests;
				PRODUCT_NAME = "$(TARGET_NAME)";
				SWIFT_EMIT_LOC_STRINGS = NO;
				SWIFT_VERSION = 5.0;
				TARGETED_DEVICE_FAMILY = "1,2";
				TEST_HOST = "$(BUILT_PRODUCTS_DIR)/Guozaoke.app/$(BUNDLE_EXECUTABLE_FOLDER_PATH)/Guozaoke";
			};
			name = Debug;
		};
		3226278B2D3393AF00F4AAA8 /* Release */ = {
			isa = XCBuildConfiguration;
			buildSettings = {
				BUNDLE_LOADER = "$(TEST_HOST)";
				CODE_SIGN_STYLE = Automatic;
				CURRENT_PROJECT_VERSION = 1;
				GENERATE_INFOPLIST_FILE = YES;
				IPHONEOS_DEPLOYMENT_TARGET = 18.2;
				MARKETING_VERSION = 1.0;
				PRODUCT_BUNDLE_IDENTIFIER = com.guozaoke.app.GuozaokeTests;
				PRODUCT_NAME = "$(TARGET_NAME)";
				SWIFT_EMIT_LOC_STRINGS = NO;
				SWIFT_VERSION = 5.0;
				TARGETED_DEVICE_FAMILY = "1,2";
				TEST_HOST = "$(BUILT_PRODUCTS_DIR)/Guozaoke.app/$(BUNDLE_EXECUTABLE_FOLDER_PATH)/Guozaoke";
			};
			name = Release;
		};
		3226278D2D3393AF00F4AAA8 /* Debug */ = {
			isa = XCBuildConfiguration;
			buildSettings = {
				CODE_SIGN_STYLE = Automatic;
				CURRENT_PROJECT_VERSION = 1;
				GENERATE_INFOPLIST_FILE = YES;
				MARKETING_VERSION = 1.0;
				PRODUCT_BUNDLE_IDENTIFIER = com.guozaoke.app.GuozaokeUITests;
				PRODUCT_NAME = "$(TARGET_NAME)";
				SWIFT_EMIT_LOC_STRINGS = NO;
				SWIFT_VERSION = 5.0;
				TARGETED_DEVICE_FAMILY = "1,2";
				TEST_TARGET_NAME = Guozaoke;
			};
			name = Debug;
		};
		3226278E2D3393AF00F4AAA8 /* Release */ = {
			isa = XCBuildConfiguration;
			buildSettings = {
				CODE_SIGN_STYLE = Automatic;
				CURRENT_PROJECT_VERSION = 1;
				GENERATE_INFOPLIST_FILE = YES;
				MARKETING_VERSION = 1.0;
				PRODUCT_BUNDLE_IDENTIFIER = com.guozaoke.app.GuozaokeUITests;
				PRODUCT_NAME = "$(TARGET_NAME)";
				SWIFT_EMIT_LOC_STRINGS = NO;
				SWIFT_VERSION = 5.0;
				TARGETED_DEVICE_FAMILY = "1,2";
				TEST_TARGET_NAME = Guozaoke;
			};
			name = Release;
		};
/* End XCBuildConfiguration section */

/* Begin XCConfigurationList section */
		3226275D2D3393AC00F4AAA8 /* Build configuration list for PBXProject "Guozaoke" */ = {
			isa = XCConfigurationList;
			buildConfigurations = (
				322627842D3393AF00F4AAA8 /* Debug */,
				322627852D3393AF00F4AAA8 /* Release */,
			);
			defaultConfigurationIsVisible = 0;
			defaultConfigurationName = Release;
		};
		322627862D3393AF00F4AAA8 /* Build configuration list for PBXNativeTarget "Guozaoke" */ = {
			isa = XCConfigurationList;
			buildConfigurations = (
				322627872D3393AF00F4AAA8 /* Debug */,
				322627882D3393AF00F4AAA8 /* Release */,
			);
			defaultConfigurationIsVisible = 0;
			defaultConfigurationName = Release;
		};
		322627892D3393AF00F4AAA8 /* Build configuration list for PBXNativeTarget "GuozaokeTests" */ = {
			isa = XCConfigurationList;
			buildConfigurations = (
				3226278A2D3393AF00F4AAA8 /* Debug */,
				3226278B2D3393AF00F4AAA8 /* Release */,
			);
			defaultConfigurationIsVisible = 0;
			defaultConfigurationName = Release;
		};
		3226278C2D3393AF00F4AAA8 /* Build configuration list for PBXNativeTarget "GuozaokeUITests" */ = {
			isa = XCConfigurationList;
			buildConfigurations = (
				3226278D2D3393AF00F4AAA8 /* Debug */,
				3226278E2D3393AF00F4AAA8 /* Release */,
			);
			defaultConfigurationIsVisible = 0;
			defaultConfigurationName = Release;
		};
/* End XCConfigurationList section */

/* Begin XCRemoteSwiftPackageReference section */
		32113EA22D60419000D9B331 /* XCRemoteSwiftPackageReference "swift-markdown-ui" */ = {
			isa = XCRemoteSwiftPackageReference;
			repositoryURL = "https://github.com/gonzalezreal/swift-markdown-ui";
			requirement = {
				kind = upToNextMajorVersion;
				minimumVersion = 2.4.1;
			};
		};
		3226278F2D33A00000F4AAA8 /* XCRemoteSwiftPackageReference "SwiftSoup" */ = {
			isa = XCRemoteSwiftPackageReference;
			repositoryURL = "https://github.com/scinfu/SwiftSoup.git";
			requirement = {
				kind = upToNextMajorVersion;
				minimumVersion = 2.7.6;
			};
		};
		322627D22D35566700F4AAA8 /* XCRemoteSwiftPackageReference "Kingfisher" */ = {
			isa = XCRemoteSwiftPackageReference;
			repositoryURL = "https://github.com/onevcat/Kingfisher.git";
			requirement = {
				kind = upToNextMajorVersion;
				minimumVersion = 8.1.3;
			};
		};
		322627D72D35608300F4AAA8 /* XCRemoteSwiftPackageReference "Alamofire" */ = {
			isa = XCRemoteSwiftPackageReference;
			repositoryURL = "https://github.com/Alamofire/Alamofire.git";
			requirement = {
				kind = upToNextMajorVersion;
				minimumVersion = 5.10.2;
			};
		};
		32370F532D56665200EFE597 /* XCRemoteSwiftPackageReference "RichText" */ = {
			isa = XCRemoteSwiftPackageReference;
			repositoryURL = "https://github.com/NuPlay/RichText.git";
			requirement = {
				kind = upToNextMajorVersion;
				minimumVersion = 2.5.0;
			};
		};
		328B0EA12D448EEB0023EBE2 /* XCRemoteSwiftPackageReference "JDStatusBarNotification" */ = {
			isa = XCRemoteSwiftPackageReference;
			repositoryURL = "https://github.com/calimarkus/JDStatusBarNotification";
			requirement = {
				kind = upToNextMajorVersion;
				minimumVersion = 2.2.4;
			};
		};
/* End XCRemoteSwiftPackageReference section */

/* Begin XCSwiftPackageProductDependency section */
		32113EA32D60419000D9B331 /* MarkdownUI */ = {
			isa = XCSwiftPackageProductDependency;
			package = 32113EA22D60419000D9B331 /* XCRemoteSwiftPackageReference "swift-markdown-ui" */;
			productName = MarkdownUI;
		};
		322627902D33A00000F4AAA8 /* SwiftSoup */ = {
			isa = XCSwiftPackageProductDependency;
			package = 3226278F2D33A00000F4AAA8 /* XCRemoteSwiftPackageReference "SwiftSoup" */;
			productName = SwiftSoup;
		};
		322627D32D35566700F4AAA8 /* Kingfisher */ = {
			isa = XCSwiftPackageProductDependency;
			package = 322627D22D35566700F4AAA8 /* XCRemoteSwiftPackageReference "Kingfisher" */;
			productName = Kingfisher;
		};
		322627D82D35608300F4AAA8 /* Alamofire */ = {
			isa = XCSwiftPackageProductDependency;
			package = 322627D72D35608300F4AAA8 /* XCRemoteSwiftPackageReference "Alamofire" */;
			productName = Alamofire;
		};
		32370F542D56665200EFE597 /* RichText */ = {
			isa = XCSwiftPackageProductDependency;
			package = 32370F532D56665200EFE597 /* XCRemoteSwiftPackageReference "RichText" */;
			productName = RichText;
		};
		328B0EA22D448EEB0023EBE2 /* JDStatusBarNotification */ = {
			isa = XCSwiftPackageProductDependency;
			package = 328B0EA12D448EEB0023EBE2 /* XCRemoteSwiftPackageReference "JDStatusBarNotification" */;
			productName = JDStatusBarNotification;
		};
/* End XCSwiftPackageProductDependency section */
	};
	rootObject = 3226275A2D3393AC00F4AAA8 /* Project object */;
}
